
Microsoft Visual Studio Solution File, Format Version 12.00
# Visual Studio Version 17
VisualStudioVersion = 17.5.33516.290
MinimumVisualStudioVersion = 10.0.40219.1
Project("{9A19103F-16F7-4668-BE54-9A1E7A4F7556}") = "EmaiValidator.BL", "EmaiValidator.BL\EmaiValidator.BL.csproj", "{AF7BF388-2CB9-404D-9800-695E82546803}"
EndProject
Project("{FAE04EC0-301F-11D3-BF4B-00C04F79EFBC}") = "EmaiValidator.TestProjectBL", "EmaiValidator.TestProjectBL\EmaiValidator.TestProjectBL.csproj", "{66BA3E18-000E-4A5B-A69B-78B98643B579}"
EndProject
Global
	GlobalSection(SolutionConfigurationPlatforms) = preSolution
		Debug|Any CPU = Debug|Any CPU
		Release|Any CPU = Release|Any CPU
	EndGlobalSection
	GlobalSection(ProjectConfigurationPlatforms) = postSolution
		{AF7BF388-2CB9-404D-9800-695E82546803}.Debug|Any CPU.ActiveCfg = Debug|Any CPU
		{AF7BF388-2CB9-404D-9800-695E82546803}.Debug|Any CPU.Build.0 = Debug|Any CPU
		{AF7BF388-2CB9-404D-9800-695E82546803}.Release|Any CPU.ActiveCfg = Release|Any CPU
		{AF7BF388-2CB9-404D-9800-695E82546803}.Release|Any CPU.Build.0 = Release|Any CPU
		{66BA3E18-000E-4A5B-A69B-78B98643B579}.Debug|Any CPU.ActiveCfg = Debug|Any CPU
		{66BA3E18-000E-4A5B-A69B-78B98643B579}.Debug|Any CPU.Build.0 = Debug|Any CPU
		{66BA3E18-000E-4A5B-A69B-78B98643B579}.Release|Any CPU.ActiveCfg = Release|Any CPU
		{66BA3E18-000E-4A5B-A69B-78B98643B579}.Release|Any CPU.Build.0 = Release|Any CPU
	EndGlobalSection
	GlobalSection(SolutionProperties) = preSolution
		HideSolutionNode = FALSE
	EndGlobalSection
	GlobalSection(ExtensibilityGlobals) = postSolution
		SolutionGuid = {77DD6E73-4814-4C92-81DA-A5C8B34D20AE}
	EndGlobalSection
EndGlobal
